{
  "version": 1,
  "dependencies": {
    "net5.0-windows7.0": {
      "gatherbuddy.gamedata": {
        "type": "Project",
        "dependencies": {
          "GatherBuddy.Levenshtein": "[1.0.0, )",
          "OtterGui": "[1.0.0, )"
        }
      },
      "gatherbuddy.levenshtein": {
        "type": "Project"
      },
      "ottergui": {
        "type": "Project"
      }
    }
  }
}